<?xml version="1.0" encoding="utf-8"?>
<Project ToolsVersion="4.0" xmlns="http://schemas.microsoft.com/developer/msbuild/2003">
  <ItemGroup>
    <Filter Include="Файлы исходного кода">
      <UniqueIdentifier>{4FC737F1-C7A5-4376-A066-2A32D752A2FF}</UniqueIdentifier>
      <Extensions>cpp;c;cc;cxx;def;odl;idl;hpj;bat;asm;asmx</Extensions>
    </Filter>
    <Filter Include="Заголовочные файлы">
      <UniqueIdentifier>{93995380-89BD-4b04-88EB-625FBE52EBFB}</UniqueIdentifier>
      <Extensions>h;hh;hpp;hxx;hm;inl;inc;xsd</Extensions>
    </Filter>
    <Filter Include="Файлы ресурсов">
      <UniqueIdentifier>{67DA6AB6-F800-4c08-8B7A-83BB121AAD01}</UniqueIdentifier>
      <Extensions>rc;ico;cur;bmp;dlg;rc2;rct;bin;rgs;gif;jpg;jpeg;jpe;resx;tiff;tif;png;wav;mfcribbon-ms</Extensions>
    </Filter>
  </ItemGroup>
  <ItemGroup>
    <ClInclude Include="resource.h">
      <Filter>Заголовочные файлы</Filter>
    </ClInclude>
    <ClInclude Include="shader.h">
      <Filter>Заголовочные файлы</Filter>
    </ClInclude>
    <ClInclude Include="camera.h">
      <Filter>Заголовочные файлы</Filter>
    </ClInclude>
    <ClInclude Include="render.hpp">
      <Filter>Заголовочные файлы</Filter>
    </ClInclude>
    <ClInclude Include="texture_operations.hpp">
      <Filter>Заголовочные файлы</Filter>
    </ClInclude>
    <ClInclude Include="poll_events.hpp">
      <Filter>Заголовочные файлы</Filter>
    </ClInclude>
    <ClInclude Include="mesh.h">
      <Filter>Заголовочные файлы</Filter>
    </ClInclude>
    <ClInclude Include="model.h">
      <Filter>Заголовочные файлы</Filter>
    </ClInclude>
    <ClInclude Include="object.hpp">
      <Filter>Заголовочные файлы</Filter>
    </ClInclude>
    <ClInclude Include="resource_manager.hpp">
      <Filter>Заголовочные файлы</Filter>
    </ClInclude>
  </ItemGroup>
  <ItemGroup>
    <ResourceCompile Include="Render.rc">
      <Filter>Файлы ресурсов</Filter>
    </ResourceCompile>
  </ItemGroup>
  <ItemGroup>
    <Image Include="textures\data\grnd_concrete_1.dds" />
    <Image Include="textures\data\grnd_grass_mp.dds" />
    <Image Include="textures\data\ston_asfalt_a.dds" />
    <Image Include="textures\data\ston_asfalt_hr_iov.dds" />
    <Image Include="textures\data\ston_kirpichi_b.dds" />
    <Image Include="textures\data\wall_ceiling_01.dds" />
    <Image Include="textures\data\wall_house_red_02.dds" />
    <Image Include="textures\data\wall_orange_01.dds" />
    <Image Include="textures\data\wall_yellow_01.dds" />
    <Image Include="textures\data\wood_plank6.dds" />
    <Image Include="textures\data\wood_plank7.dds" />
    <Image Include="textures\data\wood_razlom_1.dds" />
  </ItemGroup>
  <ItemGroup>
    <ClCompile Include="main.cpp">
      <Filter>Файлы исходного кода</Filter>
    </ClCompile>
    <ClCompile Include="render.cpp">
      <Filter>Файлы исходного кода</Filter>
    </ClCompile>
    <ClCompile Include="texture_operations.cpp">
      <Filter>Файлы исходного кода</Filter>
    </ClCompile>
    <ClCompile Include="poll_events.cpp">
      <Filter>Файлы исходного кода</Filter>
    </ClCompile>
    <ClCompile Include="object.cpp">
      <Filter>Файлы исходного кода</Filter>
    </ClCompile>
    <ClCompile Include="resource_manager.cpp">
      <Filter>Файлы исходного кода</Filter>
    </ClCompile>
    <ClCompile Include="model.cpp">
      <Filter>Файлы исходного кода</Filter>
    </ClCompile>
    <ClCompile Include="mesh.cpp">
      <Filter>Файлы исходного кода</Filter>
    </ClCompile>
  </ItemGroup>
  <ItemGroup>
    <None Include="resources\point_shadows.frag" />
    <None Include="resources\point_shadows.vert" />
    <None Include="resources\point_shadows_depth.frag" />
    <None Include="resources\point_shadows_depth.geom" />
    <None Include="resources\point_shadows_depth.vert" />
  </ItemGroup>
</Project>